
Microsoft Visual Studio Solution File, Format Version 11.00
# Visual Studio 2010
Project("{FAE04EC0-301F-11D3-BF4B-00C04F79EFBC}") = "Robin in da Hood", "Assembly-UnityScript.unityproj", "{8CEBDC34-A79C-CB68-0322-D9F96CB96579}"
EndProject
Global
	GlobalSection(SolutionConfigurationPlatforms) = preSolution
		Debug|Any CPU = Debug|Any CPU
		Release|Any CPU = Release|Any CPU
	EndGlobalSection
	GlobalSection(ProjectConfigurationPlatforms) = postSolution
		{8CEBDC34-A79C-CB68-0322-D9F96CB96579}.Debug|Any CPU.ActiveCfg = Debug|Any CPU
		{8CEBDC34-A79C-CB68-0322-D9F96CB96579}.Debug|Any CPU.Build.0 = Debug|Any CPU
		{8CEBDC34-A79C-CB68-0322-D9F96CB96579}.Release|Any CPU.ActiveCfg = Release|Any CPU
		{8CEBDC34-A79C-CB68-0322-D9F96CB96579}.Release|Any CPU.Build.0 = Release|Any CPU
	EndGlobalSection
	GlobalSection(SolutionProperties) = preSolution
		HideSolutionNode = FALSE
	EndGlobalSection
	GlobalSection(MonoDevelopProperties) = preSolution
		StartupItem = Assembly-CSharp.csproj
	EndGlobalSection
EndGlobal
